
Microsoft Visual Studio Solution File, Format Version 12.00
# Visual Studio Version 16
VisualStudioVersion = 16.0.29025.244
MinimumVisualStudioVersion = 10.0.40219.1
Project("{FAE04EC0-301F-11D3-BF4B-00C04F79EFBC}") = "Book System", "Book System\Book System.csproj", "{64930363-3B1D-483B-A1BA-8E7650004E28}"
EndProject
Global
	GlobalSection(SolutionConfigurationPlatforms) = preSolution
		Debug|Any CPU = Debug|Any CPU
		Release|Any CPU = Release|Any CPU
	EndGlobalSection
	GlobalSection(ProjectConfigurationPlatforms) = postSolution
		{64930363-3B1D-483B-A1BA-8E7650004E28}.Debug|Any CPU.ActiveCfg = Debug|Any CPU
		{64930363-3B1D-483B-A1BA-8E7650004E28}.Debug|Any CPU.Build.0 = Debug|Any CPU
		{64930363-3B1D-483B-A1BA-8E7650004E28}.Release|Any CPU.ActiveCfg = Release|Any CPU
		{64930363-3B1D-483B-A1BA-8E7650004E28}.Release|Any CPU.Build.0 = Release|Any CPU
	EndGlobalSection
	GlobalSection(SolutionProperties) = preSolution
		HideSolutionNode = FALSE
	EndGlobalSection
	GlobalSection(ExtensibilityGlobals) = postSolution
		SolutionGuid = {46B6C698-26D1-4185-8F09-B78020F3D74F}
	EndGlobalSection
EndGlobal
